
Microsoft Visual Studio Solution File, Format Version 12.00
# Visual Studio 15
VisualStudioVersion = 15.0.27130.2036
MinimumVisualStudioVersion = 10.0.40219.1
Project("{FAE04EC0-301F-11D3-BF4B-00C04F79EFBC}") = "SongsCopier", "SongsCopier\SongsCopier.csproj", "{8F8504C8-01F7-46AE-A883-80C815109E1F}"
EndProject
Global
	GlobalSection(SolutionConfigurationPlatforms) = preSolution
		Debug|Any CPU = Debug|Any CPU
		Release|Any CPU = Release|Any CPU
	EndGlobalSection
	GlobalSection(ProjectConfigurationPlatforms) = postSolution
		{8F8504C8-01F7-46AE-A883-80C815109E1F}.Debug|Any CPU.ActiveCfg = Debug|Any CPU
		{8F8504C8-01F7-46AE-A883-80C815109E1F}.Debug|Any CPU.Build.0 = Debug|Any CPU
		{8F8504C8-01F7-46AE-A883-80C815109E1F}.Release|Any CPU.ActiveCfg = Release|Any CPU
		{8F8504C8-01F7-46AE-A883-80C815109E1F}.Release|Any CPU.Build.0 = Release|Any CPU
	EndGlobalSection
	GlobalSection(SolutionProperties) = preSolution
		HideSolutionNode = FALSE
	EndGlobalSection
	GlobalSection(ExtensibilityGlobals) = postSolution
		SolutionGuid = {B80C27CA-BFF9-4AC1-8F4B-2227910DE106}
	EndGlobalSection
EndGlobal
